
Microsoft Visual Studio Solution File, Format Version 12.00
# Visual Studio 14
VisualStudioVersion = 14.0.25420.1
MinimumVisualStudioVersion = 10.0.40219.1
Project("{8BC9CEB8-8B4A-11D0-8D11-00A0C91BC942}") = "Task_Two", "Task_Two\Task_Two.vcxproj", "{70661025-F7C1-4126-AB8E-F9DE95652528}"
EndProject
Project("{8BC9CEB8-8B4A-11D0-8D11-00A0C91BC942}") = "Task_Three", "Task_Three\Task_Three.vcxproj", "{8C709D98-4EE2-4841-B65A-FC0794C4FBED}"
EndProject
Project("{8BC9CEB8-8B4A-11D0-8D11-00A0C91BC942}") = "Task_Four", "Task_Four\Task_Four.vcxproj", "{88814112-8B1C-4AB4-8103-B938D72B9131}"
EndProject
Project("{8BC9CEB8-8B4A-11D0-8D11-00A0C91BC942}") = "TaskThree (Var11)", "TaskThree (Var11)\TaskThree (Var11).vcxproj", "{AADBB5A9-C0A0-4C29-B2A4-9EA91889F82D}"
EndProject
Project("{8BC9CEB8-8B4A-11D0-8D11-00A0C91BC942}") = "TaskFive", "TaskFive\TaskFive.vcxproj", "{82A3D106-1967-4AAF-B91F-1F0F6F81AC56}"
EndProject
Project("{8BC9CEB8-8B4A-11D0-8D11-00A0C91BC942}") = "TaskFour(Var19)", "TaskFour(Var19)\TaskFour(Var19).vcxproj", "{EAD27411-9670-411F-8118-E12F5C9DFBBD}"
EndProject
Project("{8BC9CEB8-8B4A-11D0-8D11-00A0C91BC942}") = "TaskSix", "TaskSix\TaskSix.vcxproj", "{AA9DD518-21B3-4A94-BD4E-63506F5125C7}"
EndProject
Project("{8BC9CEB8-8B4A-11D0-8D11-00A0C91BC942}") = "TaskFour(Var21)", "TaskFour(Var21)\TaskFour(Var21).vcxproj", "{7C31A2BD-7C0A-4C7E-99A4-80ACA3D3F761}"
EndProject
Project("{8BC9CEB8-8B4A-11D0-8D11-00A0C91BC942}") = "TaskSeven(Var8)", "TaskSeven(Var8)\TaskSeven(Var8).vcxproj", "{1D3605C7-7562-4BFC-8EFF-F2DD9D3E8F26}"
EndProject
Project("{8BC9CEB8-8B4A-11D0-8D11-00A0C91BC942}") = "TaskEight(AnyVariant)", "TaskEight(AnyVariant)\TaskEight(AnyVariant).vcxproj", "{910931C7-69E2-4277-8FC1-AC1A17CB211C}"
EndProject
Project("{8BC9CEB8-8B4A-11D0-8D11-00A0C91BC942}") = "TaskThree(Var3)", "TaskThree(Var3)\TaskThree(Var3).vcxproj", "{7C5C5153-1F87-482A-84D0-D86B4DA42541}"
EndProject
Global
	GlobalSection(SolutionConfigurationPlatforms) = preSolution
		Debug|x64 = Debug|x64
		Debug|x86 = Debug|x86
		Release|x64 = Release|x64
		Release|x86 = Release|x86
	EndGlobalSection
	GlobalSection(ProjectConfigurationPlatforms) = postSolution
		{70661025-F7C1-4126-AB8E-F9DE95652528}.Debug|x64.ActiveCfg = Debug|x64
		{70661025-F7C1-4126-AB8E-F9DE95652528}.Debug|x64.Build.0 = Debug|x64
		{70661025-F7C1-4126-AB8E-F9DE95652528}.Debug|x86.ActiveCfg = Debug|Win32
		{70661025-F7C1-4126-AB8E-F9DE95652528}.Debug|x86.Build.0 = Debug|Win32
		{70661025-F7C1-4126-AB8E-F9DE95652528}.Release|x64.ActiveCfg = Release|x64
		{70661025-F7C1-4126-AB8E-F9DE95652528}.Release|x64.Build.0 = Release|x64
		{70661025-F7C1-4126-AB8E-F9DE95652528}.Release|x86.ActiveCfg = Release|Win32
		{70661025-F7C1-4126-AB8E-F9DE95652528}.Release|x86.Build.0 = Release|Win32
		{8C709D98-4EE2-4841-B65A-FC0794C4FBED}.Debug|x64.ActiveCfg = Debug|x64
		{8C709D98-4EE2-4841-B65A-FC0794C4FBED}.Debug|x64.Build.0 = Debug|x64
		{8C709D98-4EE2-4841-B65A-FC0794C4FBED}.Debug|x86.ActiveCfg = Debug|Win32
		{8C709D98-4EE2-4841-B65A-FC0794C4FBED}.Debug|x86.Build.0 = Debug|Win32
		{8C709D98-4EE2-4841-B65A-FC0794C4FBED}.Release|x64.ActiveCfg = Release|x64
		{8C709D98-4EE2-4841-B65A-FC0794C4FBED}.Release|x64.Build.0 = Release|x64
		{8C709D98-4EE2-4841-B65A-FC0794C4FBED}.Release|x86.ActiveCfg = Release|Win32
		{8C709D98-4EE2-4841-B65A-FC0794C4FBED}.Release|x86.Build.0 = Release|Win32
		{88814112-8B1C-4AB4-8103-B938D72B9131}.Debug|x64.ActiveCfg = Debug|x64
		{88814112-8B1C-4AB4-8103-B938D72B9131}.Debug|x64.Build.0 = Debug|x64
		{88814112-8B1C-4AB4-8103-B938D72B9131}.Debug|x86.ActiveCfg = Debug|Win32
		{88814112-8B1C-4AB4-8103-B938D72B9131}.Debug|x86.Build.0 = Debug|Win32
		{88814112-8B1C-4AB4-8103-B938D72B9131}.Release|x64.ActiveCfg = Release|x64
		{88814112-8B1C-4AB4-8103-B938D72B9131}.Release|x64.Build.0 = Release|x64
		{88814112-8B1C-4AB4-8103-B938D72B9131}.Release|x86.ActiveCfg = Release|Win32
		{88814112-8B1C-4AB4-8103-B938D72B9131}.Release|x86.Build.0 = Release|Win32
		{AADBB5A9-C0A0-4C29-B2A4-9EA91889F82D}.Debug|x64.ActiveCfg = Debug|x64
		{AADBB5A9-C0A0-4C29-B2A4-9EA91889F82D}.Debug|x64.Build.0 = Debug|x64
		{AADBB5A9-C0A0-4C29-B2A4-9EA91889F82D}.Debug|x86.ActiveCfg = Debug|Win32
		{AADBB5A9-C0A0-4C29-B2A4-9EA91889F82D}.Debug|x86.Build.0 = Debug|Win32
		{AADBB5A9-C0A0-4C29-B2A4-9EA91889F82D}.Release|x64.ActiveCfg = Release|x64
		{AADBB5A9-C0A0-4C29-B2A4-9EA91889F82D}.Release|x64.Build.0 = Release|x64
		{AADBB5A9-C0A0-4C29-B2A4-9EA91889F82D}.Release|x86.ActiveCfg = Release|Win32
		{AADBB5A9-C0A0-4C29-B2A4-9EA91889F82D}.Release|x86.Build.0 = Release|Win32
		{82A3D106-1967-4AAF-B91F-1F0F6F81AC56}.Debug|x64.ActiveCfg = Debug|x64
		{82A3D106-1967-4AAF-B91F-1F0F6F81AC56}.Debug|x64.Build.0 = Debug|x64
		{82A3D106-1967-4AAF-B91F-1F0F6F81AC56}.Debug|x86.ActiveCfg = Debug|Win32
		{82A3D106-1967-4AAF-B91F-1F0F6F81AC56}.Debug|x86.Build.0 = Debug|Win32
		{82A3D106-1967-4AAF-B91F-1F0F6F81AC56}.Release|x64.ActiveCfg = Release|x64
		{82A3D106-1967-4AAF-B91F-1F0F6F81AC56}.Release|x64.Build.0 = Release|x64
		{82A3D106-1967-4AAF-B91F-1F0F6F81AC56}.Release|x86.ActiveCfg = Release|Win32
		{82A3D106-1967-4AAF-B91F-1F0F6F81AC56}.Release|x86.Build.0 = Release|Win32
		{EAD27411-9670-411F-8118-E12F5C9DFBBD}.Debug|x64.ActiveCfg = Debug|x64
		{EAD27411-9670-411F-8118-E12F5C9DFBBD}.Debug|x64.Build.0 = Debug|x64
		{EAD27411-9670-411F-8118-E12F5C9DFBBD}.Debug|x86.ActiveCfg = Debug|Win32
		{EAD27411-9670-411F-8118-E12F5C9DFBBD}.Debug|x86.Build.0 = Debug|Win32
		{EAD27411-9670-411F-8118-E12F5C9DFBBD}.Release|x64.ActiveCfg = Release|x64
		{EAD27411-9670-411F-8118-E12F5C9DFBBD}.Release|x64.Build.0 = Release|x64
		{EAD27411-9670-411F-8118-E12F5C9DFBBD}.Release|x86.ActiveCfg = Release|Win32
		{EAD27411-9670-411F-8118-E12F5C9DFBBD}.Release|x86.Build.0 = Release|Win32
		{AA9DD518-21B3-4A94-BD4E-63506F5125C7}.Debug|x64.ActiveCfg = Debug|x64
		{AA9DD518-21B3-4A94-BD4E-63506F5125C7}.Debug|x64.Build.0 = Debug|x64
		{AA9DD518-21B3-4A94-BD4E-63506F5125C7}.Debug|x86.ActiveCfg = Debug|Win32
		{AA9DD518-21B3-4A94-BD4E-63506F5125C7}.Debug|x86.Build.0 = Debug|Win32
		{AA9DD518-21B3-4A94-BD4E-63506F5125C7}.Release|x64.ActiveCfg = Release|x64
		{AA9DD518-21B3-4A94-BD4E-63506F5125C7}.Release|x64.Build.0 = Release|x64
		{AA9DD518-21B3-4A94-BD4E-63506F5125C7}.Release|x86.ActiveCfg = Release|Win32
		{AA9DD518-21B3-4A94-BD4E-63506F5125C7}.Release|x86.Build.0 = Release|Win32
		{7C31A2BD-7C0A-4C7E-99A4-80ACA3D3F761}.Debug|x64.ActiveCfg = Debug|x64
		{7C31A2BD-7C0A-4C7E-99A4-80ACA3D3F761}.Debug|x64.Build.0 = Debug|x64
		{7C31A2BD-7C0A-4C7E-99A4-80ACA3D3F761}.Debug|x86.ActiveCfg = Debug|Win32
		{7C31A2BD-7C0A-4C7E-99A4-80ACA3D3F761}.Debug|x86.Build.0 = Debug|Win32
		{7C31A2BD-7C0A-4C7E-99A4-80ACA3D3F761}.Release|x64.ActiveCfg = Release|x64
		{7C31A2BD-7C0A-4C7E-99A4-80ACA3D3F761}.Release|x64.Build.0 = Release|x64
		{7C31A2BD-7C0A-4C7E-99A4-80ACA3D3F761}.Release|x86.ActiveCfg = Release|Win32
		{7C31A2BD-7C0A-4C7E-99A4-80ACA3D3F761}.Release|x86.Build.0 = Release|Win32
		{1D3605C7-7562-4BFC-8EFF-F2DD9D3E8F26}.Debug|x64.ActiveCfg = Debug|x64
		{1D3605C7-7562-4BFC-8EFF-F2DD9D3E8F26}.Debug|x64.Build.0 = Debug|x64
		{1D3605C7-7562-4BFC-8EFF-F2DD9D3E8F26}.Debug|x86.ActiveCfg = Debug|Win32
		{1D3605C7-7562-4BFC-8EFF-F2DD9D3E8F26}.Debug|x86.Build.0 = Debug|Win32
		{1D3605C7-7562-4BFC-8EFF-F2DD9D3E8F26}.Release|x64.ActiveCfg = Release|x64
		{1D3605C7-7562-4BFC-8EFF-F2DD9D3E8F26}.Release|x64.Build.0 = Release|x64
		{1D3605C7-7562-4BFC-8EFF-F2DD9D3E8F26}.Release|x86.ActiveCfg = Release|Win32
		{1D3605C7-7562-4BFC-8EFF-F2DD9D3E8F26}.Release|x86.Build.0 = Release|Win32
		{910931C7-69E2-4277-8FC1-AC1A17CB211C}.Debug|x64.ActiveCfg = Debug|x64
		{910931C7-69E2-4277-8FC1-AC1A17CB211C}.Debug|x64.Build.0 = Debug|x64
		{910931C7-69E2-4277-8FC1-AC1A17CB211C}.Debug|x86.ActiveCfg = Debug|Win32
		{910931C7-69E2-4277-8FC1-AC1A17CB211C}.Debug|x86.Build.0 = Debug|Win32
		{910931C7-69E2-4277-8FC1-AC1A17CB211C}.Release|x64.ActiveCfg = Release|x64
		{910931C7-69E2-4277-8FC1-AC1A17CB211C}.Release|x64.Build.0 = Release|x64
		{910931C7-69E2-4277-8FC1-AC1A17CB211C}.Release|x86.ActiveCfg = Release|Win32
		{910931C7-69E2-4277-8FC1-AC1A17CB211C}.Release|x86.Build.0 = Release|Win32
		{7C5C5153-1F87-482A-84D0-D86B4DA42541}.Debug|x64.ActiveCfg = Debug|x64
		{7C5C5153-1F87-482A-84D0-D86B4DA42541}.Debug|x64.Build.0 = Debug|x64
		{7C5C5153-1F87-482A-84D0-D86B4DA42541}.Debug|x86.ActiveCfg = Debug|Win32
		{7C5C5153-1F87-482A-84D0-D86B4DA42541}.Debug|x86.Build.0 = Debug|Win32
		{7C5C5153-1F87-482A-84D0-D86B4DA42541}.Release|x64.ActiveCfg = Release|x64
		{7C5C5153-1F87-482A-84D0-D86B4DA42541}.Release|x64.Build.0 = Release|x64
		{7C5C5153-1F87-482A-84D0-D86B4DA42541}.Release|x86.ActiveCfg = Release|Win32
		{7C5C5153-1F87-482A-84D0-D86B4DA42541}.Release|x86.Build.0 = Release|Win32
	EndGlobalSection
	GlobalSection(SolutionProperties) = preSolution
		HideSolutionNode = FALSE
	EndGlobalSection
	GlobalSection(ExtensibilityGlobals) = postSolution
		Qt5Version = Qt5.7(32 bit)
	EndGlobalSection
EndGlobal
